// !$*UTF8*$!
{
	archiveVersion = 1;
	classes = {
	};
	objectVersion = 46;
	objects = {

/* Begin PBXBuildFile section */
		BB4C042317CFA0D800D81EF8 /* UIKit.framework in Frameworks */ = {isa = PBXBuildFile; fileRef = BB4C042217CFA0D800D81EF8 /* UIKit.framework */; };
		BB4C042517CFA0D800D81EF8 /* Foundation.framework in Frameworks */ = {isa = PBXBuildFile; fileRef = BB4C042417CFA0D800D81EF8 /* Foundation.framework */; };
		BB4C042717CFA0D800D81EF8 /* CoreGraphics.framework in Frameworks */ = {isa = PBXBuildFile; fileRef = BB4C042617CFA0D800D81EF8 /* CoreGraphics.framework */; };
		BB4C042D17CFA0D800D81EF8 /* InfoPlist.strings in Resources */ = {isa = PBXBuildFile; fileRef = BB4C042B17CFA0D800D81EF8 /* InfoPlist.strings */; };
		BB4C042F17CFA0D800D81EF8 /* main.m in Sources */ = {isa = PBXBuildFile; fileRef = BB4C042E17CFA0D800D81EF8 /* main.m */; };
		BB4C043317CFA0D800D81EF8 /* MADAppDelegate.m in Sources */ = {isa = PBXBuildFile; fileRef = BB4C043217CFA0D800D81EF8 /* MADAppDelegate.m */; };
		BB4C043517CFA0D800D81EF8 /* Default.png in Resources */ = {isa = PBXBuildFile; fileRef = BB4C043417CFA0D800D81EF8 /* Default.png */; };
		BB4C043717CFA0D800D81EF8 /* Default@2x.png in Resources */ = {isa = PBXBuildFile; fileRef = BB4C043617CFA0D800D81EF8 /* Default@2x.png */; };
		BB4C043917CFA0D800D81EF8 /* Default-568h@2x.png in Resources */ = {isa = PBXBuildFile; fileRef = BB4C043817CFA0D800D81EF8 /* Default-568h@2x.png */; };
		BB4C043C17CFA0D800D81EF8 /* MADViewController.m in Sources */ = {isa = PBXBuildFile; fileRef = BB4C043B17CFA0D800D81EF8 /* MADViewController.m */; };
		BB4C043F17CFA0D800D81EF8 /* MADViewController.xib in Resources */ = {isa = PBXBuildFile; fileRef = BB4C043D17CFA0D800D81EF8 /* MADViewController.xib */; };
		BB4C044617CFAF4A00D81EF8 /* world.png in Resources */ = {isa = PBXBuildFile; fileRef = BB4C044517CFAF4A00D81EF8 /* world.png */; };
		BB4C044817CFAF5000D81EF8 /* world114.png in Resources */ = {isa = PBXBuildFile; fileRef = BB4C044717CFAF5000D81EF8 /* world114.png */; };
/* End PBXBuildFile section */

/* Begin PBXFileReference section */
		BB4C041F17CFA0D800D81EF8 /* Hello World!.app */ = {isa = PBXFileReference; explicitFileType = wrapper.application; includeInIndex = 0; path = "Hello World!.app"; sourceTree = BUILT_PRODUCTS_DIR; };
		BB4C042217CFA0D800D81EF8 /* UIKit.framework */ = {isa = PBXFileReference; lastKnownFileType = wrapper.framework; name = UIKit.framework; path = System/Library/Frameworks/UIKit.framework; sourceTree = SDKROOT; };
		BB4C042417CFA0D800D81EF8 /* Foundation.framework */ = {isa = PBXFileReference; lastKnownFileType = wrapper.framework; name = Foundation.framework; path = System/Library/Frameworks/Foundation.framework; sourceTree = SDKROOT; };
		BB4C042617CFA0D800D81EF8 /* CoreGraphics.framework */ = {isa = PBXFileReference; lastKnownFileType = wrapper.framework; name = CoreGraphics.framework; path = System/Library/Frameworks/CoreGraphics.framework; sourceTree = SDKROOT; };
		BB4C042A17CFA0D800D81EF8 /* Hello World!-Info.plist */ = {isa = PBXFileReference; lastKnownFileType = text.plist.xml; path = "Hello World!-Info.plist"; sourceTree = "<group>"; };
		BB4C042C17CFA0D800D81EF8 /* en */ = {isa = PBXFileReference; lastKnownFileType = text.plist.strings; name = en; path = en.lproj/InfoPlist.strings; sourceTree = "<group>"; };
		BB4C042E17CFA0D800D81EF8 /* main.m */ = {isa = PBXFileReference; lastKnownFileType = sourcecode.c.objc; path = main.m; sourceTree = "<group>"; };
		BB4C043017CFA0D800D81EF8 /* Hello World!-Prefix.pch */ = {isa = PBXFileReference; lastKnownFileType = sourcecode.c.h; path = "Hello World!-Prefix.pch"; sourceTree = "<group>"; };
		BB4C043117CFA0D800D81EF8 /* MADAppDelegate.h */ = {isa = PBXFileReference; lastKnownFileType = sourcecode.c.h; path = MADAppDelegate.h; sourceTree = "<group>"; };
		BB4C043217CFA0D800D81EF8 /* MADAppDelegate.m */ = {isa = PBXFileReference; lastKnownFileType = sourcecode.c.objc; path = MADAppDelegate.m; sourceTree = "<group>"; };
		BB4C043417CFA0D800D81EF8 /* Default.png */ = {isa = PBXFileReference; lastKnownFileType = image.png; path = Default.png; sourceTree = "<group>"; };
		BB4C043617CFA0D800D81EF8 /* Default@2x.png */ = {isa = PBXFileReference; lastKnownFileType = image.png; path = "Default@2x.png"; sourceTree = "<group>"; };
		BB4C043817CFA0D800D81EF8 /* Default-568h@2x.png */ = {isa = PBXFileReference; lastKnownFileType = image.png; path = "Default-568h@2x.png"; sourceTree = "<group>"; };
		BB4C043A17CFA0D800D81EF8 /* MADViewController.h */ = {isa = PBXFileReference; lastKnownFileType = sourcecode.c.h; path = MADViewController.h; sourceTree = "<group>"; };
		BB4C043B17CFA0D800D81EF8 /* MADViewController.m */ = {isa = PBXFileReference; lastKnownFileType = sourcecode.c.objc; path = MADViewController.m; sourceTree = "<group>"; };
		BB4C043E17CFA0D800D81EF8 /* en */ = {isa = PBXFileReference; lastKnownFileType = file.xib; name = en; path = en.lproj/MADViewController.xib; sourceTree = "<group>"; };
		BB4C044517CFAF4A00D81EF8 /* world.png */ = {isa = PBXFileReference; lastKnownFileType = image.png; path = world.png; sourceTree = "<group>"; };
		BB4C044717CFAF5000D81EF8 /* world114.png */ = {isa = PBXFileReference; lastKnownFileType = image.png; path = world114.png; sourceTree = "<group>"; };
/* End PBXFileReference section */

/* Begin PBXFrameworksBuildPhase section */
		BB4C041C17CFA0D800D81EF8 /* Frameworks */ = {
			isa = PBXFrameworksBuildPhase;
			buildActionMask = 2147483647;
			files = (
				BB4C042317CFA0D800D81EF8 /* UIKit.framework in Frameworks */,
				BB4C042517CFA0D800D81EF8 /* Foundation.framework in Frameworks */,
				BB4C042717CFA0D800D81EF8 /* CoreGraphics.framework in Frameworks */,
			);
			runOnlyForDeploymentPostprocessing = 0;
		};
/* End PBXFrameworksBuildPhase section */

/* Begin PBXGroup section */
		BB4C041617CFA0D800D81EF8 = {
			isa = PBXGroup;
			children = (
				BB4C044717CFAF5000D81EF8 /* world114.png */,
				BB4C044517CFAF4A00D81EF8 /* world.png */,
				BB4C042817CFA0D800D81EF8 /* Hello World! */,
				BB4C042117CFA0D800D81EF8 /* Frameworks */,
				BB4C042017CFA0D800D81EF8 /* Products */,
			);
			sourceTree = "<group>";
		};
		BB4C042017CFA0D800D81EF8 /* Products */ = {
			isa = PBXGroup;
			children = (
				BB4C041F17CFA0D800D81EF8 /* Hello World!.app */,
			);
			name = Products;
			sourceTree = "<group>";
		};
		BB4C042117CFA0D800D81EF8 /* Frameworks */ = {
			isa = PBXGroup;
			children = (
				BB4C042217CFA0D800D81EF8 /* UIKit.framework */,
				BB4C042417CFA0D800D81EF8 /* Foundation.framework */,
				BB4C042617CFA0D800D81EF8 /* CoreGraphics.framework */,
			);
			name = Frameworks;
			sourceTree = "<group>";
		};
		BB4C042817CFA0D800D81EF8 /* Hello World! */ = {
			isa = PBXGroup;
			children = (
				BB4C043117CFA0D800D81EF8 /* MADAppDelegate.h */,
				BB4C043217CFA0D800D81EF8 /* MADAppDelegate.m */,
				BB4C043A17CFA0D800D81EF8 /* MADViewController.h */,
				BB4C043B17CFA0D800D81EF8 /* MADViewController.m */,
				BB4C043D17CFA0D800D81EF8 /* MADViewController.xib */,
				BB4C042917CFA0D800D81EF8 /* Supporting Files */,
			);
			path = "Hello World!";
			sourceTree = "<group>";
		};
		BB4C042917CFA0D800D81EF8 /* Supporting Files */ = {
			isa = PBXGroup;
			children = (
				BB4C042A17CFA0D800D81EF8 /* Hello World!-Info.plist */,
				BB4C042B17CFA0D800D81EF8 /* InfoPlist.strings */,
				BB4C042E17CFA0D800D81EF8 /* main.m */,
				BB4C043017CFA0D800D81EF8 /* Hello World!-Prefix.pch */,
				BB4C043417CFA0D800D81EF8 /* Default.png */,
				BB4C043617CFA0D800D81EF8 /* Default@2x.png */,
				BB4C043817CFA0D800D81EF8 /* Default-568h@2x.png */,
			);
			name = "Supporting Files";
			sourceTree = "<group>";
		};
/* End PBXGroup section */

/* Begin PBXNativeTarget section */
		BB4C041E17CFA0D800D81EF8 /* Hello World! */ = {
			isa = PBXNativeTarget;
			buildConfigurationList = BB4C044217CFA0D800D81EF8 /* Build configuration list for PBXNativeTarget "Hello World!" */;
			buildPhases = (
				BB4C041B17CFA0D800D81EF8 /* Sources */,
				BB4C041C17CFA0D800D81EF8 /* Frameworks */,
				BB4C041D17CFA0D800D81EF8 /* Resources */,
			);
			buildRules = (
			);
			dependencies = (
			);
			name = "Hello World!";
			productName = "Hello World!";
			productReference = BB4C041F17CFA0D800D81EF8 /* Hello World!.app */;
			productType = "com.apple.product-type.application";
		};
/* End PBXNativeTarget section */

/* Begin PBXProject section */
		BB4C041717CFA0D800D81EF8 /* Project object */ = {
			isa = PBXProject;
			attributes = {
				CLASSPREFIX = MAD;
				LastUpgradeCheck = 0460;
				ORGANIZATIONNAME = "Matthew Kane Semcken";
			};
			buildConfigurationList = BB4C041A17CFA0D800D81EF8 /* Build configuration list for PBXProject "Hello World!" */;
			compatibilityVersion = "Xcode 3.2";
			developmentRegion = English;
			hasScannedForEncodings = 0;
			knownRegions = (
				en,
			);
			mainGroup = BB4C041617CFA0D800D81EF8;
			productRefGroup = BB4C042017CFA0D800D81EF8 /* Products */;
			projectDirPath = "";
			projectRoot = "";
			targets = (
				BB4C041E17CFA0D800D81EF8 /* Hello World! */,
			);
		};
/* End PBXProject section */

/* Begin PBXResourcesBuildPhase section */
		BB4C041D17CFA0D800D81EF8 /* Resources */ = {
			isa = PBXResourcesBuildPhase;
			buildActionMask = 2147483647;
			files = (
				BB4C042D17CFA0D800D81EF8 /* InfoPlist.strings in Resources */,
				BB4C043517CFA0D800D81EF8 /* Default.png in Resources */,
				BB4C043717CFA0D800D81EF8 /* Default@2x.png in Resources */,
				BB4C043917CFA0D800D81EF8 /* Default-568h@2x.png in Resources */,
				BB4C043F17CFA0D800D81EF8 /* MADViewController.xib in Resources */,
				BB4C044617CFAF4A00D81EF8 /* world.png in Resources */,
				BB4C044817CFAF5000D81EF8 /* world114.png in Resources */,
			);
			runOnlyForDeploymentPostprocessing = 0;
		};
/* End PBXResourcesBuildPhase section */

/* Begin PBXSourcesBuildPhase section */
		BB4C041B17CFA0D800D81EF8 /* Sources */ = {
			isa = PBXSourcesBuildPhase;
			buildActionMask = 2147483647;
			files = (
				BB4C042F17CFA0D800D81EF8 /* main.m in Sources */,
				BB4C043317CFA0D800D81EF8 /* MADAppDelegate.m in Sources */,
				BB4C043C17CFA0D800D81EF8 /* MADViewController.m in Sources */,
			);
			runOnlyForDeploymentPostprocessing = 0;
		};
/* End PBXSourcesBuildPhase section */

/* Begin PBXVariantGroup section */
		BB4C042B17CFA0D800D81EF8 /* InfoPlist.strings */ = {
			isa = PBXVariantGroup;
			children = (
				BB4C042C17CFA0D800D81EF8 /* en */,
			);
			name = InfoPlist.strings;
			sourceTree = "<group>";
		};
		BB4C043D17CFA0D800D81EF8 /* MADViewController.xib */ = {
			isa = PBXVariantGroup;
			children = (
				BB4C043E17CFA0D800D81EF8 /* en */,
			);
			name = MADViewController.xib;
			sourceTree = "<group>";
		};
/* End PBXVariantGroup section */

/* Begin XCBuildConfiguration section */
		BB4C044017CFA0D800D81EF8 /* Debug */ = {
			isa = XCBuildConfiguration;
			buildSettings = {
				ALWAYS_SEARCH_USER_PATHS = NO;
				CLANG_CXX_LANGUAGE_STANDARD = "gnu++0x";
				CLANG_CXX_LIBRARY = "libc++";
				CLANG_ENABLE_OBJC_ARC = YES;
				CLANG_WARN_CONSTANT_CONVERSION = YES;
				CLANG_WARN_EMPTY_BODY = YES;
				CLANG_WARN_ENUM_CONVERSION = YES;
				CLANG_WARN_INT_CONVERSION = YES;
				CLANG_WARN__DUPLICATE_METHOD_MATCH = YES;
				"CODE_SIGN_IDENTITY[sdk=iphoneos*]" = "iPhone Developer";
				COPY_PHASE_STRIP = NO;
				GCC_C_LANGUAGE_STANDARD = gnu99;
				GCC_DYNAMIC_NO_PIC = NO;
				GCC_OPTIMIZATION_LEVEL = 0;
				GCC_PREPROCESSOR_DEFINITIONS = (
					"DEBUG=1",
					"$(inherited)",
				);
				GCC_SYMBOLS_PRIVATE_EXTERN = NO;
				GCC_WARN_ABOUT_RETURN_TYPE = YES;
				GCC_WARN_UNINITIALIZED_AUTOS = YES;
				GCC_WARN_UNUSED_VARIABLE = YES;
				IPHONEOS_DEPLOYMENT_TARGET = 6.1;
				ONLY_ACTIVE_ARCH = YES;
				SDKROOT = iphoneos;
			};
			name = Debug;
		};
		BB4C044117CFA0D800D81EF8 /* Release */ = {
			isa = XCBuildConfiguration;
			buildSettings = {
				ALWAYS_SEARCH_USER_PATHS = NO;
				CLANG_CXX_LANGUAGE_STANDARD = "gnu++0x";
				CLANG_CXX_LIBRARY = "libc++";
				CLANG_ENABLE_OBJC_ARC = YES;
				CLANG_WARN_CONSTANT_CONVERSION = YES;
				CLANG_WARN_EMPTY_BODY = YES;
				CLANG_WARN_ENUM_CONVERSION = YES;
				CLANG_WARN_INT_CONVERSION = YES;
				CLANG_WARN__DUPLICATE_METHOD_MATCH = YES;
				"CODE_SIGN_IDENTITY[sdk=iphoneos*]" = "iPhone Developer";
				COPY_PHASE_STRIP = YES;
				GCC_C_LANGUAGE_STANDARD = gnu99;
				GCC_WARN_ABOUT_RETURN_TYPE = YES;
				GCC_WARN_UNINITIALIZED_AUTOS = YES;
				GCC_WARN_UNUSED_VARIABLE = YES;
				IPHONEOS_DEPLOYMENT_TARGET = 6.1;
				OTHER_CFLAGS = "-DNS_BLOCK_ASSERTIONS=1";
				SDKROOT = iphoneos;
				VALIDATE_PRODUCT = YES;
			};
			name = Release;
		};
		BB4C044317CFA0D800D81EF8 /* Debug */ = {
			isa = XCBuildConfiguration;
			buildSettings = {
				GCC_PRECOMPILE_PREFIX_HEADER = YES;
				GCC_PREFIX_HEADER = "Hello World!/Hello World!-Prefix.pch";
				INFOPLIST_FILE = "Hello World!/Hello World!-Info.plist";
				PRODUCT_NAME = "$(TARGET_NAME)";
				TARGETED_DEVICE_FAMILY = 1;
				WRAPPER_EXTENSION = app;
			};
			name = Debug;
		};
		BB4C044417CFA0D800D81EF8 /* Release */ = {
			isa = XCBuildConfiguration;
			buildSettings = {
				GCC_PRECOMPILE_PREFIX_HEADER = YES;
				GCC_PREFIX_HEADER = "Hello World!/Hello World!-Prefix.pch";
				INFOPLIST_FILE = "Hello World!/Hello World!-Info.plist";
				PRODUCT_NAME = "$(TARGET_NAME)";
				TARGETED_DEVICE_FAMILY = 1;
				WRAPPER_EXTENSION = app;
			};
			name = Release;
		};
/* End XCBuildConfiguration section */

/* Begin XCConfigurationList section */
		BB4C041A17CFA0D800D81EF8 /* Build configuration list for PBXProject "Hello World!" */ = {
			isa = XCConfigurationList;
			buildConfigurations = (
				BB4C044017CFA0D800D81EF8 /* Debug */,
				BB4C044117CFA0D800D81EF8 /* Release */,
			);
			defaultConfigurationIsVisible = 0;
			defaultConfigurationName = Release;
		};
		BB4C044217CFA0D800D81EF8 /* Build configuration list for PBXNativeTarget "Hello World!" */ = {
			isa = XCConfigurationList;
			buildConfigurations = (
				BB4C044317CFA0D800D81EF8 /* Debug */,
				BB4C044417CFA0D800D81EF8 /* Release */,
			);
			defaultConfigurationIsVisible = 0;
		};
/* End XCConfigurationList section */
	};
	rootObject = BB4C041717CFA0D800D81EF8 /* Project object */;
}
