// !$*UTF8*$!
{
	archiveVersion = 1;
	classes = {
	};
	objectVersion = 46;
	objects = {

/* Begin PBXBuildFile section */
		4D4D750B182A01180095FD1D /* CountryViewController.m in Sources */ = {isa = PBXBuildFile; fileRef = 4D4D750A182A01180095FD1D /* CountryViewController.m */; };
		4D50143418289E870081F4DE /* UIKit.framework in Frameworks */ = {isa = PBXBuildFile; fileRef = 4D50143318289E870081F4DE /* UIKit.framework */; };
		4D50143618289E870081F4DE /* Foundation.framework in Frameworks */ = {isa = PBXBuildFile; fileRef = 4D50143518289E870081F4DE /* Foundation.framework */; };
		4D50143818289E870081F4DE /* CoreGraphics.framework in Frameworks */ = {isa = PBXBuildFile; fileRef = 4D50143718289E870081F4DE /* CoreGraphics.framework */; };
		4D50143E18289E870081F4DE /* InfoPlist.strings in Resources */ = {isa = PBXBuildFile; fileRef = 4D50143C18289E870081F4DE /* InfoPlist.strings */; };
		4D50144018289E870081F4DE /* main.m in Sources */ = {isa = PBXBuildFile; fileRef = 4D50143F18289E870081F4DE /* main.m */; };
		4D50144418289E870081F4DE /* AppDelegate.m in Sources */ = {isa = PBXBuildFile; fileRef = 4D50144318289E870081F4DE /* AppDelegate.m */; };
		4D50144618289E870081F4DE /* Default.png in Resources */ = {isa = PBXBuildFile; fileRef = 4D50144518289E870081F4DE /* Default.png */; };
		4D50144818289E870081F4DE /* Default@2x.png in Resources */ = {isa = PBXBuildFile; fileRef = 4D50144718289E870081F4DE /* Default@2x.png */; };
		4D50144A18289E870081F4DE /* Default-568h@2x.png in Resources */ = {isa = PBXBuildFile; fileRef = 4D50144918289E870081F4DE /* Default-568h@2x.png */; };
		4D50144D18289E870081F4DE /* MainStoryboard.storyboard in Resources */ = {isa = PBXBuildFile; fileRef = 4D50144B18289E870081F4DE /* MainStoryboard.storyboard */; };
		4D50145018289E870081F4DE /* ViewController.m in Sources */ = {isa = PBXBuildFile; fileRef = 4D50144F18289E870081F4DE /* ViewController.m */; };
		4D5014571828A0560081F4DE /* continents.plist in Resources */ = {isa = PBXBuildFile; fileRef = 4D5014561828A0560081F4DE /* continents.plist */; };
		4D50145A1828A1E80081F4DE /* DetailViewController.m in Sources */ = {isa = PBXBuildFile; fileRef = 4D5014591828A1E80081F4DE /* DetailViewController.m */; };
/* End PBXBuildFile section */

/* Begin PBXFileReference section */
		4D4D7509182A01180095FD1D /* CountryViewController.h */ = {isa = PBXFileReference; fileEncoding = 4; lastKnownFileType = sourcecode.c.h; path = CountryViewController.h; sourceTree = "<group>"; };
		4D4D750A182A01180095FD1D /* CountryViewController.m */ = {isa = PBXFileReference; fileEncoding = 4; lastKnownFileType = sourcecode.c.objc; path = CountryViewController.m; sourceTree = "<group>"; };
		4D50143018289E870081F4DE /* countries.app */ = {isa = PBXFileReference; explicitFileType = wrapper.application; includeInIndex = 0; path = countries.app; sourceTree = BUILT_PRODUCTS_DIR; };
		4D50143318289E870081F4DE /* UIKit.framework */ = {isa = PBXFileReference; lastKnownFileType = wrapper.framework; name = UIKit.framework; path = System/Library/Frameworks/UIKit.framework; sourceTree = SDKROOT; };
		4D50143518289E870081F4DE /* Foundation.framework */ = {isa = PBXFileReference; lastKnownFileType = wrapper.framework; name = Foundation.framework; path = System/Library/Frameworks/Foundation.framework; sourceTree = SDKROOT; };
		4D50143718289E870081F4DE /* CoreGraphics.framework */ = {isa = PBXFileReference; lastKnownFileType = wrapper.framework; name = CoreGraphics.framework; path = System/Library/Frameworks/CoreGraphics.framework; sourceTree = SDKROOT; };
		4D50143B18289E870081F4DE /* countries-Info.plist */ = {isa = PBXFileReference; lastKnownFileType = text.plist.xml; path = "countries-Info.plist"; sourceTree = "<group>"; };
		4D50143D18289E870081F4DE /* en */ = {isa = PBXFileReference; lastKnownFileType = text.plist.strings; name = en; path = en.lproj/InfoPlist.strings; sourceTree = "<group>"; };
		4D50143F18289E870081F4DE /* main.m */ = {isa = PBXFileReference; lastKnownFileType = sourcecode.c.objc; path = main.m; sourceTree = "<group>"; };
		4D50144118289E870081F4DE /* countries-Prefix.pch */ = {isa = PBXFileReference; lastKnownFileType = sourcecode.c.h; path = "countries-Prefix.pch"; sourceTree = "<group>"; };
		4D50144218289E870081F4DE /* AppDelegate.h */ = {isa = PBXFileReference; lastKnownFileType = sourcecode.c.h; path = AppDelegate.h; sourceTree = "<group>"; };
		4D50144318289E870081F4DE /* AppDelegate.m */ = {isa = PBXFileReference; lastKnownFileType = sourcecode.c.objc; path = AppDelegate.m; sourceTree = "<group>"; };
		4D50144518289E870081F4DE /* Default.png */ = {isa = PBXFileReference; lastKnownFileType = image.png; path = Default.png; sourceTree = "<group>"; };
		4D50144718289E870081F4DE /* Default@2x.png */ = {isa = PBXFileReference; lastKnownFileType = image.png; path = "Default@2x.png"; sourceTree = "<group>"; };
		4D50144918289E870081F4DE /* Default-568h@2x.png */ = {isa = PBXFileReference; lastKnownFileType = image.png; path = "Default-568h@2x.png"; sourceTree = "<group>"; };
		4D50144C18289E870081F4DE /* en */ = {isa = PBXFileReference; lastKnownFileType = file.storyboard; name = en; path = en.lproj/MainStoryboard.storyboard; sourceTree = "<group>"; };
		4D50144E18289E870081F4DE /* ViewController.h */ = {isa = PBXFileReference; lastKnownFileType = sourcecode.c.h; path = ViewController.h; sourceTree = "<group>"; };
		4D50144F18289E870081F4DE /* ViewController.m */ = {isa = PBXFileReference; lastKnownFileType = sourcecode.c.objc; path = ViewController.m; sourceTree = "<group>"; };
		4D5014561828A0560081F4DE /* continents.plist */ = {isa = PBXFileReference; fileEncoding = 4; lastKnownFileType = text.plist.xml; path = continents.plist; sourceTree = "<group>"; };
		4D5014581828A1E80081F4DE /* DetailViewController.h */ = {isa = PBXFileReference; fileEncoding = 4; lastKnownFileType = sourcecode.c.h; path = DetailViewController.h; sourceTree = "<group>"; };
		4D5014591828A1E80081F4DE /* DetailViewController.m */ = {isa = PBXFileReference; fileEncoding = 4; lastKnownFileType = sourcecode.c.objc; path = DetailViewController.m; sourceTree = "<group>"; };
/* End PBXFileReference section */

/* Begin PBXFrameworksBuildPhase section */
		4D50142D18289E870081F4DE /* Frameworks */ = {
			isa = PBXFrameworksBuildPhase;
			buildActionMask = 2147483647;
			files = (
				4D50143418289E870081F4DE /* UIKit.framework in Frameworks */,
				4D50143618289E870081F4DE /* Foundation.framework in Frameworks */,
				4D50143818289E870081F4DE /* CoreGraphics.framework in Frameworks */,
			);
			runOnlyForDeploymentPostprocessing = 0;
		};
/* End PBXFrameworksBuildPhase section */

/* Begin PBXGroup section */
		4D50142718289E870081F4DE = {
			isa = PBXGroup;
			children = (
				4D5014561828A0560081F4DE /* continents.plist */,
				4D50143918289E870081F4DE /* countries */,
				4D50143218289E870081F4DE /* Frameworks */,
				4D50143118289E870081F4DE /* Products */,
			);
			sourceTree = "<group>";
		};
		4D50143118289E870081F4DE /* Products */ = {
			isa = PBXGroup;
			children = (
				4D50143018289E870081F4DE /* countries.app */,
			);
			name = Products;
			sourceTree = "<group>";
		};
		4D50143218289E870081F4DE /* Frameworks */ = {
			isa = PBXGroup;
			children = (
				4D50143318289E870081F4DE /* UIKit.framework */,
				4D50143518289E870081F4DE /* Foundation.framework */,
				4D50143718289E870081F4DE /* CoreGraphics.framework */,
			);
			name = Frameworks;
			sourceTree = "<group>";
		};
		4D50143918289E870081F4DE /* countries */ = {
			isa = PBXGroup;
			children = (
				4D50144218289E870081F4DE /* AppDelegate.h */,
				4D50144318289E870081F4DE /* AppDelegate.m */,
				4D50144B18289E870081F4DE /* MainStoryboard.storyboard */,
				4D4D7509182A01180095FD1D /* CountryViewController.h */,
				4D4D750A182A01180095FD1D /* CountryViewController.m */,
				4D5014581828A1E80081F4DE /* DetailViewController.h */,
				4D5014591828A1E80081F4DE /* DetailViewController.m */,
				4D50144E18289E870081F4DE /* ViewController.h */,
				4D50144F18289E870081F4DE /* ViewController.m */,
				4D50143A18289E870081F4DE /* Supporting Files */,
			);
			path = countries;
			sourceTree = "<group>";
		};
		4D50143A18289E870081F4DE /* Supporting Files */ = {
			isa = PBXGroup;
			children = (
				4D50143B18289E870081F4DE /* countries-Info.plist */,
				4D50143C18289E870081F4DE /* InfoPlist.strings */,
				4D50143F18289E870081F4DE /* main.m */,
				4D50144118289E870081F4DE /* countries-Prefix.pch */,
				4D50144518289E870081F4DE /* Default.png */,
				4D50144718289E870081F4DE /* Default@2x.png */,
				4D50144918289E870081F4DE /* Default-568h@2x.png */,
			);
			name = "Supporting Files";
			sourceTree = "<group>";
		};
/* End PBXGroup section */

/* Begin PBXNativeTarget section */
		4D50142F18289E870081F4DE /* countries */ = {
			isa = PBXNativeTarget;
			buildConfigurationList = 4D50145318289E870081F4DE /* Build configuration list for PBXNativeTarget "countries" */;
			buildPhases = (
				4D50142C18289E870081F4DE /* Sources */,
				4D50142D18289E870081F4DE /* Frameworks */,
				4D50142E18289E870081F4DE /* Resources */,
			);
			buildRules = (
			);
			dependencies = (
			);
			name = countries;
			productName = countries;
			productReference = 4D50143018289E870081F4DE /* countries.app */;
			productType = "com.apple.product-type.application";
		};
/* End PBXNativeTarget section */

/* Begin PBXProject section */
		4D50142818289E870081F4DE /* Project object */ = {
			isa = PBXProject;
			attributes = {
				LastUpgradeCheck = 0460;
				ORGANIZATIONNAME = MKS;
			};
			buildConfigurationList = 4D50142B18289E870081F4DE /* Build configuration list for PBXProject "countries" */;
			compatibilityVersion = "Xcode 3.2";
			developmentRegion = English;
			hasScannedForEncodings = 0;
			knownRegions = (
				en,
			);
			mainGroup = 4D50142718289E870081F4DE;
			productRefGroup = 4D50143118289E870081F4DE /* Products */;
			projectDirPath = "";
			projectRoot = "";
			targets = (
				4D50142F18289E870081F4DE /* countries */,
			);
		};
/* End PBXProject section */

/* Begin PBXResourcesBuildPhase section */
		4D50142E18289E870081F4DE /* Resources */ = {
			isa = PBXResourcesBuildPhase;
			buildActionMask = 2147483647;
			files = (
				4D50143E18289E870081F4DE /* InfoPlist.strings in Resources */,
				4D50144618289E870081F4DE /* Default.png in Resources */,
				4D50144818289E870081F4DE /* Default@2x.png in Resources */,
				4D50144A18289E870081F4DE /* Default-568h@2x.png in Resources */,
				4D50144D18289E870081F4DE /* MainStoryboard.storyboard in Resources */,
				4D5014571828A0560081F4DE /* continents.plist in Resources */,
			);
			runOnlyForDeploymentPostprocessing = 0;
		};
/* End PBXResourcesBuildPhase section */

/* Begin PBXSourcesBuildPhase section */
		4D50142C18289E870081F4DE /* Sources */ = {
			isa = PBXSourcesBuildPhase;
			buildActionMask = 2147483647;
			files = (
				4D50144018289E870081F4DE /* main.m in Sources */,
				4D4D750B182A01180095FD1D /* CountryViewController.m in Sources */,
				4D50144418289E870081F4DE /* AppDelegate.m in Sources */,
				4D50145018289E870081F4DE /* ViewController.m in Sources */,
				4D50145A1828A1E80081F4DE /* DetailViewController.m in Sources */,
			);
			runOnlyForDeploymentPostprocessing = 0;
		};
/* End PBXSourcesBuildPhase section */

/* Begin PBXVariantGroup section */
		4D50143C18289E870081F4DE /* InfoPlist.strings */ = {
			isa = PBXVariantGroup;
			children = (
				4D50143D18289E870081F4DE /* en */,
			);
			name = InfoPlist.strings;
			sourceTree = "<group>";
		};
		4D50144B18289E870081F4DE /* MainStoryboard.storyboard */ = {
			isa = PBXVariantGroup;
			children = (
				4D50144C18289E870081F4DE /* en */,
			);
			name = MainStoryboard.storyboard;
			sourceTree = "<group>";
		};
/* End PBXVariantGroup section */

/* Begin XCBuildConfiguration section */
		4D50145118289E870081F4DE /* Debug */ = {
			isa = XCBuildConfiguration;
			buildSettings = {
				ALWAYS_SEARCH_USER_PATHS = NO;
				CLANG_CXX_LANGUAGE_STANDARD = "gnu++0x";
				CLANG_CXX_LIBRARY = "libc++";
				CLANG_ENABLE_OBJC_ARC = YES;
				CLANG_WARN_CONSTANT_CONVERSION = YES;
				CLANG_WARN_EMPTY_BODY = YES;
				CLANG_WARN_ENUM_CONVERSION = YES;
				CLANG_WARN_INT_CONVERSION = YES;
				CLANG_WARN__DUPLICATE_METHOD_MATCH = YES;
				"CODE_SIGN_IDENTITY[sdk=iphoneos*]" = "iPhone Developer";
				COPY_PHASE_STRIP = NO;
				GCC_C_LANGUAGE_STANDARD = gnu99;
				GCC_DYNAMIC_NO_PIC = NO;
				GCC_OPTIMIZATION_LEVEL = 0;
				GCC_PREPROCESSOR_DEFINITIONS = (
					"DEBUG=1",
					"$(inherited)",
				);
				GCC_SYMBOLS_PRIVATE_EXTERN = NO;
				GCC_WARN_ABOUT_RETURN_TYPE = YES;
				GCC_WARN_UNINITIALIZED_AUTOS = YES;
				GCC_WARN_UNUSED_VARIABLE = YES;
				IPHONEOS_DEPLOYMENT_TARGET = 6.1;
				ONLY_ACTIVE_ARCH = YES;
				SDKROOT = iphoneos;
			};
			name = Debug;
		};
		4D50145218289E870081F4DE /* Release */ = {
			isa = XCBuildConfiguration;
			buildSettings = {
				ALWAYS_SEARCH_USER_PATHS = NO;
				CLANG_CXX_LANGUAGE_STANDARD = "gnu++0x";
				CLANG_CXX_LIBRARY = "libc++";
				CLANG_ENABLE_OBJC_ARC = YES;
				CLANG_WARN_CONSTANT_CONVERSION = YES;
				CLANG_WARN_EMPTY_BODY = YES;
				CLANG_WARN_ENUM_CONVERSION = YES;
				CLANG_WARN_INT_CONVERSION = YES;
				CLANG_WARN__DUPLICATE_METHOD_MATCH = YES;
				"CODE_SIGN_IDENTITY[sdk=iphoneos*]" = "iPhone Developer";
				COPY_PHASE_STRIP = YES;
				GCC_C_LANGUAGE_STANDARD = gnu99;
				GCC_WARN_ABOUT_RETURN_TYPE = YES;
				GCC_WARN_UNINITIALIZED_AUTOS = YES;
				GCC_WARN_UNUSED_VARIABLE = YES;
				IPHONEOS_DEPLOYMENT_TARGET = 6.1;
				OTHER_CFLAGS = "-DNS_BLOCK_ASSERTIONS=1";
				SDKROOT = iphoneos;
				VALIDATE_PRODUCT = YES;
			};
			name = Release;
		};
		4D50145418289E870081F4DE /* Debug */ = {
			isa = XCBuildConfiguration;
			buildSettings = {
				GCC_PRECOMPILE_PREFIX_HEADER = YES;
				GCC_PREFIX_HEADER = "countries/countries-Prefix.pch";
				INFOPLIST_FILE = "countries/countries-Info.plist";
				PRODUCT_NAME = "$(TARGET_NAME)";
				WRAPPER_EXTENSION = app;
			};
			name = Debug;
		};
		4D50145518289E870081F4DE /* Release */ = {
			isa = XCBuildConfiguration;
			buildSettings = {
				GCC_PRECOMPILE_PREFIX_HEADER = YES;
				GCC_PREFIX_HEADER = "countries/countries-Prefix.pch";
				INFOPLIST_FILE = "countries/countries-Info.plist";
				PRODUCT_NAME = "$(TARGET_NAME)";
				WRAPPER_EXTENSION = app;
			};
			name = Release;
		};
/* End XCBuildConfiguration section */

/* Begin XCConfigurationList section */
		4D50142B18289E870081F4DE /* Build configuration list for PBXProject "countries" */ = {
			isa = XCConfigurationList;
			buildConfigurations = (
				4D50145118289E870081F4DE /* Debug */,
				4D50145218289E870081F4DE /* Release */,
			);
			defaultConfigurationIsVisible = 0;
			defaultConfigurationName = Release;
		};
		4D50145318289E870081F4DE /* Build configuration list for PBXNativeTarget "countries" */ = {
			isa = XCConfigurationList;
			buildConfigurations = (
				4D50145418289E870081F4DE /* Debug */,
				4D50145518289E870081F4DE /* Release */,
			);
			defaultConfigurationIsVisible = 0;
			defaultConfigurationName = Release;
		};
/* End XCConfigurationList section */
	};
	rootObject = 4D50142818289E870081F4DE /* Project object */;
}
